
Microsoft Visual Studio Solution File, Format Version 12.00
# Visual Studio 2012
Project("{FAE04EC0-301F-11D3-BF4B-00C04F79EFBC}") = "RentalsAKL", "RentalsAKL\RentalsAKL.csproj", "{D0BC1CD7-CC1B-4D53-95EB-5943C28304BA}"
EndProject
Global
	GlobalSection(SolutionConfigurationPlatforms) = preSolution
		Debug|Any CPU = Debug|Any CPU
		Release|Any CPU = Release|Any CPU
	EndGlobalSection
	GlobalSection(ProjectConfigurationPlatforms) = postSolution
		{D0BC1CD7-CC1B-4D53-95EB-5943C28304BA}.Debug|Any CPU.ActiveCfg = Debug|Any CPU
		{D0BC1CD7-CC1B-4D53-95EB-5943C28304BA}.Debug|Any CPU.Build.0 = Debug|Any CPU
		{D0BC1CD7-CC1B-4D53-95EB-5943C28304BA}.Release|Any CPU.ActiveCfg = Release|Any CPU
		{D0BC1CD7-CC1B-4D53-95EB-5943C28304BA}.Release|Any CPU.Build.0 = Release|Any CPU
	EndGlobalSection
	GlobalSection(SolutionProperties) = preSolution
		HideSolutionNode = FALSE
	EndGlobalSection
EndGlobal
